[0m[1mmodule.oke.random_string.state_id: Refreshing state... [id=mnhpae][0m
[0m[1mdata.oci_core_services.all_hyd_services: Reading...[0m[0m
[0m[1mdata.oci_identity_availability_domains.ads: Reading...[0m[0m
[0m[1mmodule.oke.module.cluster-addons[0].data.oci_containerengine_addon_options.k8s_addon_options: Reading...[0m[0m
[0m[1mmodule.oke.module.network.data.oci_core_services.all_oci_services: Reading...[0m[0m
[0m[1mmodule.vcn.data.oci_core_services.all_oci_services[0]: Reading...[0m[0m
[0m[1moci_identity_compartment.create-compartment: Refreshing state... [id=ocid1.compartment.oc1..aaaaaaaaspmzvswvmj3kgjh5mgzuga3cguzhsn3rlhnnb3eyvsr7njroya5a][0m
[0m[1mdata.oci_identity_availability_domains.ads: Read complete after 0s [id=IdentityAvailabilityDomainsDataSource-2879333623][0m
[0m[1mmodule.vcn.data.oci_core_services.all_oci_services[0]: Read complete after 0s [id=CoreServicesDataSource-0][0m
[0m[1mmodule.oke.module.network.data.oci_core_services.all_oci_services: Read complete after 0s [id=CoreServicesDataSource-0][0m
[0m[1mdata.oci_core_services.all_hyd_services: Read complete after 0s [id=CoreServicesDataSource-0][0m
[0m[1mmodule.oke.module.cluster-addons[0].data.oci_containerengine_addon_options.k8s_addon_options: Read complete after 0s [id=ContainerengineAddonOptionsDataSource-2313234666][0m
[0m[1mmodule.oke.data.oci_identity_availability_domains.all: Reading...[0m[0m
[0m[1moci_core_volume.zookeeper[0]: Refreshing state... [id=ocid1.volume.oc1.ap-hyderabad-1.abuhsljroshfub7jbmj73fl2k6yuyaedgey2phvk55hmyd2iiyskbs77ysmq][0m
[0m[1moci_core_volume.es-data-v1[2]: Refreshing state... [id=ocid1.volume.oc1.ap-hyderabad-1.abuhsljrehhuavhmauejnzcdh32a6iakjtdyobftutgbl7c3k4rhqtcro65a][0m
[0m[1moci_core_volume.es-master[2]: Refreshing state... [id=ocid1.volume.oc1.ap-hyderabad-1.abuhsljrlxb6gf5ccvkrbsebcq2v2rlplgnjdc6ywvpr3cino4z6ypxppzxa][0m
[0m[1moci_core_volume.zookeeper[1]: Refreshing state... [id=ocid1.volume.oc1.ap-hyderabad-1.abuhsljrdrix7ibssjxghtmbmkc5tdnrdmamst2xrfpovl4tshxxcyrjwtaa][0m
[0m[1moci_core_volume.es-master[0]: Refreshing state... [id=ocid1.volume.oc1.ap-hyderabad-1.abuhsljrz6qswkkjerhcfxiqytg3nbvm6lwmd5srxhlce55upq5buhijkvrq][0m
[0m[1moci_core_volume.es-master[1]: Refreshing state... [id=ocid1.volume.oc1.ap-hyderabad-1.abuhsljrnw47zou2qmioh66wot6zjfqn7iz7caahioiwyt3spyfkoukz3sia][0m
[0m[1moci_core_volume.zookeeper[2]: Refreshing state... [id=ocid1.volume.oc1.ap-hyderabad-1.abuhsljrbjbp5gqed7ulrmywug4bznakcx5fzenh4vjd4k7rno3n2hxv5kta][0m
[0m[1moci_core_volume.es-data-v1[1]: Refreshing state... [id=ocid1.volume.oc1.ap-hyderabad-1.abuhsljruk7taxdolhd2qn2rtdij2vhmugyotpahrjuiu5bfqbmn6dlc3dla][0m
[0m[1moci_core_volume.es-data-v1[0]: Refreshing state... [id=ocid1.volume.oc1.ap-hyderabad-1.abuhsljrxct6dzagzflz4ga5be2y566lzh2jt64t4xomqljlog4ayk5fgrra][0m
[0m[1mmodule.oke.data.oci_identity_availability_domains.all: Read complete after 0s [id=IdentityAvailabilityDomainsDataSource-2879333623][0m
[0m[1mmodule.oke.data.oci_core_images.operator[0]: Reading...[0m[0m
[0m[1moci_core_volume.kafka[0]: Refreshing state... [id=ocid1.volume.oc1.ap-hyderabad-1.abuhsljrs35b32znoobz4ohcztne2wjpvdsnuktdlcush5uqs6cznt46fcja][0m
[0m[1moci_core_volume.kafka[1]: Refreshing state... [id=ocid1.volume.oc1.ap-hyderabad-1.abuhsljrki6h7jl2dv6kqpgiu6c75xfdev6a3dxtjzakpa4hbbo4bv7o3pfq][0m
[0m[1moci_core_volume.kafka[2]: Refreshing state... [id=ocid1.volume.oc1.ap-hyderabad-1.abuhsljrhpcbebvntkgvsw2yvbiw3gtsx45qcylkvqept3umwizfdu7rgizq][0m
[0m[1mmodule.oke.data.oci_core_images.operator[0]: Read complete after 0s [id=CoreImagesDataSource-2362761092][0m
[0m[1mmodule.oke.data.oci_containerengine_node_pool_option.oke[0]: Reading...[0m[0m
[0m[1mmodule.vcn.oci_core_vcn.vcn: Refreshing state... [id=ocid1.vcn.oc1.ap-hyderabad-1.amaaaaaa43cggciarlzdjp5yomi4yakl5oy2zilsfwoldhy5r2rdqf5sm4ca][0m
[0m[1mmodule.vcn.oci_core_nat_gateway.nat_gateway[0]: Refreshing state... [id=ocid1.natgateway.oc1.ap-hyderabad-1.aaaaaaaaimzm3sh6w35cphjkhbax7hr2ubmwhhkeajwizfhwxtynnttkbscq][0m
[0m[1mmodule.vcn.oci_core_service_gateway.service_gateway[0]: Refreshing state... [id=ocid1.servicegateway.oc1.ap-hyderabad-1.aaaaaaaa5jg4p7xfzt74zae5jyerjkpbum4y5iqwyrpxk7y7c3u3d57dfjsq][0m
[0m[1mmodule.vcn.oci_core_internet_gateway.ig[0]: Refreshing state... [id=ocid1.internetgateway.oc1.ap-hyderabad-1.aaaaaaaa6kzpep3icaxwiucxiybvqdub7slrv6rusj225tluxpo4e5gbsoya][0m
[0m[1moci_core_security_list.public-security-list: Refreshing state... [id=ocid1.securitylist.oc1.ap-hyderabad-1.aaaaaaaawjw3u5lvffpt3dxoigahybmnhpgize75nlpqjtr4vzu44vesr22q][0m
[0m[1mmodule.oke.data.oci_core_vcn.oke[0]: Reading...[0m[0m
[0m[1moci_core_security_list.oke_worker_nodes_sl: Refreshing state... [id=ocid1.securitylist.oc1.ap-hyderabad-1.aaaaaaaawlrrxtlvobznuavjj4u3efyesfq3v3uaq6mcgkts35vtjbi4xrbq][0m
[0m[1mmodule.vcn.oci_core_default_security_list.lockdown[0]: Refreshing state... [id=ocid1.securitylist.oc1.ap-hyderabad-1.aaaaaaaalv2rtl4amc2qucmuqulaxl7kyv3w7ajfspvzjnpk73maftkch2na][0m
[0m[1moci_core_security_list.private-security-list: Refreshing state... [id=ocid1.securitylist.oc1.ap-hyderabad-1.aaaaaaaavvpgharoakiik6g52bcdj5kqipcvzam4xzzst5xy3a76xdsbv3zq][0m
[0m[1mmodule.vcn.oci_core_route_table.ig[0]: Refreshing state... [id=ocid1.routetable.oc1.ap-hyderabad-1.aaaaaaaazh2b3rv34ufatznqdwl3tvx6wf6dwgqd4d2jknedhijzezdpyj2a][0m
[0m[1mmodule.oke.data.oci_core_vcn.oke[0]: Read complete after 0s [id=ocid1.vcn.oc1.ap-hyderabad-1.amaaaaaa43cggciarlzdjp5yomi4yakl5oy2zilsfwoldhy5r2rdqf5sm4ca][0m
[0m[1moci_core_security_list.k8s_api_endpoint: Refreshing state... [id=ocid1.securitylist.oc1.ap-hyderabad-1.aaaaaaaagupxnccb6wycjcj2psqehwt3o4g5cicbr2z7rnxvbcubzi4yydja][0m
[0m[1moci_core_subnet.postgre_public_subnet: Refreshing state... [id=ocid1.subnet.oc1.ap-hyderabad-1.aaaaaaaawfljpvld6avyxr5wjl7b7yxxwpyjfdzltfkgxffplc43qeiaicyq][0m
[0m[1moci_core_subnet.LB-public-subnet: Refreshing state... [id=ocid1.subnet.oc1.ap-hyderabad-1.aaaaaaaafhigrzad2crvizislcosvm3xmbqn5pb3hcmlmp7v5mupzg6dpcja][0m
[0m[1moci_core_subnet.vcn-public-subnet: Refreshing state... [id=ocid1.subnet.oc1.ap-hyderabad-1.aaaaaaaarn463ruyjzskymcyyas6bzbxab3bkuotxqksviv5bv66kzd5rlha][0m
[0m[1mdata.oci_core_subnet.LB-public-subnet: Reading...[0m[0m
[0m[1mdata.oci_core_subnet.postgre_public_subnet: Reading...[0m[0m
[0m[1mmodule.oke.data.oci_containerengine_node_pool_option.oke[0]: Read complete after 0s [id=ContainerengineNodePoolOptionDataSource-3657284781][0m
[0m[1mdata.oci_core_subnet.oke_endpoint_subnet: Reading...[0m[0m
[0m[1mdata.oci_core_subnet.postgre_public_subnet: Read complete after 0s [id=ocid1.subnet.oc1.ap-hyderabad-1.aaaaaaaawfljpvld6avyxr5wjl7b7yxxwpyjfdzltfkgxffplc43qeiaicyq][0m
[0m[1mdata.oci_core_subnet.LB-public-subnet: Read complete after 0s [id=ocid1.subnet.oc1.ap-hyderabad-1.aaaaaaaafhigrzad2crvizislcosvm3xmbqn5pb3hcmlmp7v5mupzg6dpcja][0m
[0m[1mdata.oci_core_subnet.oke_endpoint_subnet: Read complete after 0s [id=ocid1.subnet.oc1.ap-hyderabad-1.aaaaaaaarn463ruyjzskymcyyas6bzbxab3bkuotxqksviv5bv66kzd5rlha][0m
[0m[1mmodule.vcn.oci_core_route_table.service_gw[0]: Refreshing state... [id=ocid1.routetable.oc1.ap-hyderabad-1.aaaaaaaay5gg2bo4xu5p4oe6nfhzvembhwvekguwnf642yiv5pds2jgtdc3q][0m
[0m[1mmodule.vcn.oci_core_route_table.nat[0]: Refreshing state... [id=ocid1.routetable.oc1.ap-hyderabad-1.aaaaaaaa2pf3f5e2pf6j4xjiow7aejgi2c2wex2ib3pxcswybcmhqsgc47sq][0m
[0m[1moci_core_subnet.postgre_private_subnet: Refreshing state... [id=ocid1.subnet.oc1.ap-hyderabad-1.aaaaaaaad75swsnvzx5asuk4ctzlycwxbqhgpacrjp4raw33f3vvnhewiiyq][0m
[0m[1moci_core_subnet.vcn-private-subnet: Refreshing state... [id=ocid1.subnet.oc1.ap-hyderabad-1.aaaaaaaafcpslpnm6zgeozxlw7yqeqmowwbr5yxckhkiconcschuuccbrliq][0m
[0m[1mdata.oci_core_subnet.worker_node_subnet: Reading...[0m[0m
[0m[1mmodule.oke.module.cluster[0].oci_containerengine_cluster.k8s_cluster: Refreshing state... [id=ocid1.cluster.oc1.ap-hyderabad-1.aaaaaaaa3a7dx7to2mgfncyinvpys6ha6gyaezb3hqbnxyf53ciaewc5tena][0m
[0m[1mdata.oci_core_subnet.postgre_private_subnet: Reading...[0m[0m
[0m[1moci_psql_db_system.upyog_db_system: Refreshing state... [id=ocid1.postgresqldbsystem.oc1.ap-hyderabad-1.amaaaaaa43cggciaup3uhihap2ms26he2xh2vyljvkckbmx6dmhkpm3yyeea][0m
[0m[1mdata.oci_core_subnet.worker_node_subnet: Read complete after 0s [id=ocid1.subnet.oc1.ap-hyderabad-1.aaaaaaaafcpslpnm6zgeozxlw7yqeqmowwbr5yxckhkiconcschuuccbrliq][0m
[0m[1mmodule.oke.data.oci_containerengine_cluster_kube_config.public[0]: Reading...[0m[0m
[0m[1mdata.oci_containerengine_cluster_kube_config.oke_kube_config: Reading...[0m[0m
[0m[1mmodule.oke.data.oci_containerengine_cluster_kube_config.private[0]: Reading...[0m[0m
[0m[1mdata.oci_core_subnet.postgre_private_subnet: Read complete after 0s [id=ocid1.subnet.oc1.ap-hyderabad-1.aaaaaaaad75swsnvzx5asuk4ctzlycwxbqhgpacrjp4raw33f3vvnhewiiyq][0m
[0m[1mmodule.oke.module.workers[0].data.oci_identity_fault_domains.all["1"]: Reading...[0m[0m
[0m[1mmodule.oke.module.workers[0].data.oci_core_shapes.oke: Reading...[0m[0m
[0m[1mmodule.oke.module.workers[0].data.oci_core_image.workers["upyog"]: Reading...[0m[0m
[0m[1mmodule.oke.module.workers[0].data.oci_identity_fault_domains.all["1"]: Read complete after 0s [id=IdentityFaultDomainsDataSource-2843524982][0m
[0m[1mmodule.oke.module.workers[0].data.oci_core_image.workers["upyog"]: Read complete after 0s [id=ocid1.image.oc1.ap-hyderabad-1.aaaaaaaaqdygafz7f4gy3c4bapg6kavdjedxjj46jcy5yca253n5rt57dy6a][0m
[0m[1mmodule.oke.data.oci_containerengine_cluster_kube_config.public[0]: Read complete after 0s [id=ContainerengineClusterKubeConfigDataSource-1475476679][0m
[0m[1mdata.oci_containerengine_cluster_kube_config.oke_kube_config: Read complete after 0s [id=ContainerengineClusterKubeConfigDataSource-1072711444][0m
[0m[1mlocal_file.kubeconfig_file: Refreshing state... [id=2ee7d51dc36881ed1f3741855882798451a48824][0m
[0m[1mmodule.oke.data.oci_containerengine_cluster_kube_config.private[0]: Read complete after 0s [id=ContainerengineClusterKubeConfigDataSource-3557512349][0m
[0m[1mmodule.oke.module.workers[0].data.cloudinit_config.workers["upyog"]: Reading...[0m[0m
[0m[1mmodule.oke.module.workers[0].data.cloudinit_config.workers["upyog"]: Read complete after 0s [id=1710554591][0m
[0m[1mmodule.oke.module.workers[0].data.oci_core_shapes.oke: Read complete after 0s [id=CoreShapesDataSource-2966470548][0m
[0m[1mmodule.oke.module.workers[0].oci_containerengine_node_pool.tfscaled_workers["upyog"]: Refreshing state... [id=ocid1.nodepool.oc1.ap-hyderabad-1.aaaaaaaakqkc5k3a3ca7xcy7q4ziobx5uoqko7wa4lgnffd7zn2vscy7hkpq][0m

Terraform used the selected providers to generate the following execution
plan. Resource actions are indicated with the following symbols:
  [33m~[0m update in-place[0m
 [36m<=[0m read (data resources)[0m

Terraform will perform the following actions:

[1m  # data.oci_psql_db_system_connection_detail.postgreSQL_db_system_connection_detail[0m will be read during apply
  # (depends on a resource or a module with changes pending)
[0m [36m<=[0m[0m data "oci_psql_db_system_connection_detail" "postgreSQL_db_system_connection_detail" {
      [32m+[0m[0m ca_certificate      = (known after apply)
      [32m+[0m[0m db_system_id        = "ocid1.postgresqldbsystem.oc1.ap-hyderabad-1.amaaaaaa43cggciaup3uhihap2ms26he2xh2vyljvkckbmx6dmhkpm3yyeea"
      [32m+[0m[0m id                  = (known after apply)
      [32m+[0m[0m instance_endpoints  = (known after apply)
      [32m+[0m[0m primary_db_endpoint = (known after apply)
      [32m+[0m[0m reader_endpoint     = (known after apply)
    }

[1m  # oci_psql_db_system.upyog_db_system[0m will be updated in-place
[0m  [33m~[0m[0m resource "oci_psql_db_system" "upyog_db_system" {
        id                          = "ocid1.postgresqldbsystem.oc1.ap-hyderabad-1.amaaaaaa43cggciaup3uhihap2ms26he2xh2vyljvkckbmx6dmhkpm3yyeea"
      [33m~[0m[0m shape                       = "PostgreSQL.VM.Standard.E5.Flex" [33m->[0m[0m "PostgreSQL.VM.Standard.E5.Flex.2.32GB"
        [90m# (17 unchanged attributes hidden)[0m[0m

        [90m# (5 unchanged blocks hidden)[0m[0m
    }

[1mPlan:[0m 0 to add, 1 to change, 0 to destroy.
[0m
Changes to Outputs:
  [33m~[0m[0m postgreSQL_description                                = {
      [33m~[0m[0m ca_certificate      = <<-EOT
            -----BEGIN CERTIFICATE-----
            MIIJrjCCB5agAwIBAgIVAPZD/OZbvMknY2xCI7mHplr0wT66MA0GCSqGSIb3DQEB
            DQUAMEMxQTA/BgNVBAMMOE9DSURhdGFiYXNlU2VydmljZVdpdGhQb3N0Z3JlU1FM
            LnJvb3RDQS5kZXYtdXMtYXNoYnVybi0xMB4XDTIzMTAxNjA3MTY0N1oXDTM3MTIz
            MTIzNTk1OVowQzFBMD8GA1UEAww4T0NJRGF0YWJhc2VTZXJ2aWNlV2l0aFBvc3Rn
            cmVTUUwucm9vdENBLmRldi11cy1hc2hidXJuLTEwggIiMA0GCSqGSIb3DQEBAQUA
            A4ICDwAwggIKAoICAQC1jAxLAgwaW65tNrs5tYM3BlvTnKa/rymDzQ7fAglJLA6x
            AginMCSyLVu4akh1J1GOCV8wqncD2QbtEYAS6mvBlGe8fCW6kxNA0VaDgPSV5CWa
            ZV7ikCnY9+0IgB78uMaXQqA4zZfkja3ztRHQCwhtvRYmrS+plQ1KuEIU/HpsSI2E
            1pXsZKrKdshTImYSwQzDgNYLVIJG9MXB+wWT/GBfARW0g6nMNDZWukJCQIp+OITM
            fufP4PeZNeh+K85f8zUVxd6dtlOA2IWvzG71CtzGYYg1gnTcJB3xBr+Fb/BGvYWU
            8iMTP28s/9gOvpmlVFRo79Urfp5WXe6bwptWv5EzVpQzWQ2ZQ069Y4X4Vx1IHKi7
            Jh0417u8od6re4rXtO4OHipQi14PTrDhIQTya1+lRShT0VMxWcwRvgckKYDdSScG
            LZMVzHNDaHn1oSbBtQGkyVtu3/olgnlE4/bqddLYKl4S21gJ2S5SSkTAEStrGWe9
            sRmKqx4FyF0g/URCd54FtsoX/jefjyGH4RmCjst+xur17FcMOEZle/ZL7f/shNiO
            d8GMyhR+hGRuUjiRgfffsQUBBO3bXkaqhBqwzjYdtcmT71lSuJhAh5dmrIsDeFJM
            EVooxR0Q0no0r6iWzrsfbAfBsetzerVDdKs69CkUhNtSdNXUynh5q9K/f1Zv8wID
            AQABo4IElzCCBJMwDgYDVR0PAQH/BAQDAgIEMA8GA1UdEwEB/wQFMAMBAf8wggIz
            BgNVHQ4EggIqBIICJjCCAiIwDQYJKoZIhvcNAQEBBQADggIPADCCAgoCggIBALWM
            DEsCDBpbrm02uzm1gzcGW9Ocpr+vKYPNDt8CCUksDrECCKcwJLItW7hqSHUnUY4J
            XzCqdwPZBu0RgBLqa8GUZ7x8JbqTE0DRVoOA9JXkJZplXuKQKdj37QiAHvy4xpdC
            oDjNl+SNrfO1EdALCG29FiatL6mVDUq4QhT8emxIjYTWlexkqsp2yFMiZhLBDMOA
            1gtUgkb0xcH7BZP8YF8BFbSDqcw0Nla6QkJAin44hMx+58/g95k16H4rzl/zNRXF
            3p22U4DYha/MbvUK3MZhiDWCdNwkHfEGv4Vv8Ea9hZTyIxM/byz/2A6+maVUVGjv
            1St+nlZd7pvCm1a/kTNWlDNZDZlDTr1jhfhXHUgcqLsmHTjXu7yh3qt7ite07g4e
            KlCLXg9OsOEhBPJrX6VFKFPRUzFZzBG+ByQpgN1JJwYtkxXMc0NoefWhJsG1AaTJ
            W27f+iWCeUTj9up10tgqXhLbWAnZLlJKRMARK2sZZ72xGYqrHgXIXSD9REJ3ngW2
            yhf+N5+PIYfhGYKOy37G6vXsVww4RmV79kvt/+yE2I53wYzKFH6EZG5SOJGB99+x
            BQEE7dteRqqEGrDONh21yZPvWVK4mECHl2asiwN4UkwRWijFHRDSejSvqJbOux9s
            B8Gx63N6tUN0qzr0KRSE21J01dTKeHmr0r9/Vm/zAgMBAAEwggI3BgNVHSMEggIu
            MIICKoCCAiYwggIiMA0GCSqGSIb3DQEBAQUAA4ICDwAwggIKAoICAQC1jAxLAgwa
            W65tNrs5tYM3BlvTnKa/rymDzQ7fAglJLA6xAginMCSyLVu4akh1J1GOCV8wqncD
            2QbtEYAS6mvBlGe8fCW6kxNA0VaDgPSV5CWaZV7ikCnY9+0IgB78uMaXQqA4zZfk
            ja3ztRHQCwhtvRYmrS+plQ1KuEIU/HpsSI2E1pXsZKrKdshTImYSwQzDgNYLVIJG
            9MXB+wWT/GBfARW0g6nMNDZWukJCQIp+OITMfufP4PeZNeh+K85f8zUVxd6dtlOA
            2IWvzG71CtzGYYg1gnTcJB3xBr+Fb/BGvYWU8iMTP28s/9gOvpmlVFRo79Urfp5W
            Xe6bwptWv5EzVpQzWQ2ZQ069Y4X4Vx1IHKi7Jh0417u8od6re4rXtO4OHipQi14P
            TrDhIQTya1+lRShT0VMxWcwRvgckKYDdSScGLZMVzHNDaHn1oSbBtQGkyVtu3/ol
            gnlE4/bqddLYKl4S21gJ2S5SSkTAEStrGWe9sRmKqx4FyF0g/URCd54FtsoX/jef
            jyGH4RmCjst+xur17FcMOEZle/ZL7f/shNiOd8GMyhR+hGRuUjiRgfffsQUBBO3b
            XkaqhBqwzjYdtcmT71lSuJhAh5dmrIsDeFJMEVooxR0Q0no0r6iWzrsfbAfBsetz
            erVDdKs69CkUhNtSdNXUynh5q9K/f1Zv8wIDAQABMA0GCSqGSIb3DQEBDQUAA4IC
            AQAbxNuF7NYzFs5OizTONnBm6xMJZcjHw8D42mw7V9+5MEgj2W9avcCREvMW3Nps
            PhE80L5+IMj8DQ8JXh/VZ1+RN9zxncsBqDz8NI9RWG23jLVauba0rAogNr9+KCAK
            lCp8JlQyof6DriDn0nMtchnkWko4vUeRJ76jRyOFJxpEmOLk6QXx8ieCl/whNd0F
            ION0WkZ9VwTkHHXmPB7VFAVf+YClKR79Ki4tnhx4sHHlMhJ/dLi/1a3yz+x08pqt
            qZUsWdzMyP6B8mFWoA4nQKfTitLOqjrVKAMbNV2NSW5l5Vm83bVOk9LAaeE5h7VV
            yGzCwleIkpLLesTCnalf5FgsJUYpAUaZQEpcjArncGkuH/w71LulRtqQChvXEso+
            0y+HrTsDi7GOCFoGCA5XAKYjIIZFPphzIm7VyMznEGSR/i2zdJ7h9+xthQb7XXMo
            eXfHkUyJYHtCO2BCFke1fR2XJ7RN8HQea3ucm7OWF0RrCDXmJV+2RRbkDuqOR7dQ
            ONcbMniYUkanErhsuGVjIc49Y7Xc6KtItocZbNlcd6Rk6Te39fojtcIdE6E5rhJK
            JQpvejG+kKYcdtOhQ7mXWXBjkK8wSzHjcXxMWKuCJws88bspGPzapnjyLizMw0Qf
            WJtcKxUPmczBQVufKeDmir8wwzAivtKNxMe3RShS7sd5XQ==
            -----END CERTIFICATE-----
        EOT -> (known after apply)
      [33m~[0m[0m id                  = "PsqlDbSystemConnectionDetailDataSource-1824470837" -> (known after apply)
      [33m~[0m[0m instance_endpoints  = [
          [31m-[0m[0m {
              [31m-[0m[0m db_instance_id = "9362637e-b963-4021-a17d-b43c92e8aebf"
              [31m-[0m[0m endpoint       = [
                  [31m-[0m[0m {
                      [31m-[0m[0m fqdn       = "b43c92e8aebf-instance.he2xh2vyljvkckbmx6dmhkpm3yyeea.postgresql.ap-hyderabad-1.oci.oraclecloud.com"
                      [31m-[0m[0m ip_address = "192.168.4.243"
                      [31m-[0m[0m port       = 5432
                    },
                ]
            },
        ] -> (known after apply)
      [33m~[0m[0m primary_db_endpoint = [
          [31m-[0m[0m {
              [31m-[0m[0m fqdn       = "primary.he2xh2vyljvkckbmx6dmhkpm3yyeea.postgresql.ap-hyderabad-1.oci.oraclecloud.com"
              [31m-[0m[0m ip_address = "192.168.4.168"
              [31m-[0m[0m port       = 5432
            },
        ] -> (known after apply)
      [33m~[0m[0m reader_endpoint     = [] -> (known after apply)
        [90m# (1 unchanged attribute hidden)[0m[0m
    }
[0m[1moci_psql_db_system.upyog_db_system: Modifying... [id=ocid1.postgresqldbsystem.oc1.ap-hyderabad-1.amaaaaaa43cggciaup3uhihap2ms26he2xh2vyljvkckbmx6dmhkpm3yyeea][0m[0m
[0m[1moci_psql_db_system.upyog_db_system: Modifications complete after 2s [id=ocid1.postgresqldbsystem.oc1.ap-hyderabad-1.amaaaaaa43cggciaup3uhihap2ms26he2xh2vyljvkckbmx6dmhkpm3yyeea][0m
[0m[1mdata.oci_psql_db_system_connection_detail.postgreSQL_db_system_connection_detail: Reading...[0m[0m
[0m[1mdata.oci_psql_db_system_connection_detail.postgreSQL_db_system_connection_detail: Read complete after 0s [id=PsqlDbSystemConnectionDetailDataSource-1824470837][0m
[0m[1m[32m
Apply complete! Resources: 0 added, 1 changed, 0 destroyed.
[0m[0m[1m[32m
Outputs:

[0mCluster_Name = "ocid1.cluster.oc1.ap-hyderabad-1.aaaaaaaa3a7dx7to2mgfncyinvpys6ha6gyaezb3hqbnxyf53ciaewc5tena"
Cluster_endpoints = tomap({
  "ipv6endpoint" = ""
  "kubernetes" = ""
  "private_endpoint" = "192.168.2.131:6443"
  "public_endpoint" = "144.24.147.61:6443"
  "vcn_hostname_endpoint" = ""
})
LB-subnet-OCID = "ocid1.subnet.oc1.ap-hyderabad-1.aaaaaaaafhigrzad2crvizislcosvm3xmbqn5pb3hcmlmp7v5mupzg6dpcja"
LB-subnet-name = "upyog_LB_public_subnet"
availability_domain = tolist([
  {
    "compartment_id" = "ocid1.tenancy.oc1..aaaaaaaayn6s77e3y4hgz56uzwvay3jrpekafo6ycr5pr5xdsg3gahcygx7a"
    "id" = "ocid1.availabilitydomain.oc1..aaaaaaaaudalteydacaoxnhwwi3nguelck32h66itn6wztq4akomwt7cxmzq"
    "name" = "VPLM:AP-HYDERABAD-1-AD-1"
  },
])
compartment-OCID = "ocid1.compartment.oc1..aaaaaaaaspmzvswvmj3kgjh5mgzuga3cguzhsn3rlhnnb3eyvsr7njroya5a"
compartment-name = "upyog_dev_2"
es-data-id = [
  "ocid1.volume.oc1.ap-hyderabad-1.abuhsljrxct6dzagzflz4ga5be2y566lzh2jt64t4xomqljlog4ayk5fgrra",
  "ocid1.volume.oc1.ap-hyderabad-1.abuhsljruk7taxdolhd2qn2rtdij2vhmugyotpahrjuiu5bfqbmn6dlc3dla",
  "ocid1.volume.oc1.ap-hyderabad-1.abuhsljrehhuavhmauejnzcdh32a6iakjtdyobftutgbl7c3k4rhqtcro65a",
]
es-master = [
  "ocid1.volume.oc1.ap-hyderabad-1.abuhsljrz6qswkkjerhcfxiqytg3nbvm6lwmd5srxhlce55upq5buhijkvrq",
  "ocid1.volume.oc1.ap-hyderabad-1.abuhsljrnw47zou2qmioh66wot6zjfqn7iz7caahioiwyt3spyfkoukz3sia",
  "ocid1.volume.oc1.ap-hyderabad-1.abuhsljrlxb6gf5ccvkrbsebcq2v2rlplgnjdc6ywvpr3cino4z6ypxppzxa",
]
id-for-for-route-table-that-includes-the-nat-gateway = "ocid1.routetable.oc1.ap-hyderabad-1.aaaaaaaa2pf3f5e2pf6j4xjiow7aejgi2c2wex2ib3pxcswybcmhqsgc47sq"
id-for-route-table-that-includes-the-internet-gateway = "ocid1.routetable.oc1.ap-hyderabad-1.aaaaaaaazh2b3rv34ufatznqdwl3tvx6wf6dwgqd4d2jknedhijzezdpyj2a"
kafka = [
  "ocid1.volume.oc1.ap-hyderabad-1.abuhsljrs35b32znoobz4ohcztne2wjpvdsnuktdlcush5uqs6cznt46fcja",
  "ocid1.volume.oc1.ap-hyderabad-1.abuhsljrki6h7jl2dv6kqpgiu6c75xfdev6a3dxtjzakpa4hbbo4bv7o3pfq",
  "ocid1.volume.oc1.ap-hyderabad-1.abuhsljrhpcbebvntkgvsw2yvbiw3gtsx45qcylkvqept3umwizfdu7rgizq",
]
kubeconfig = <sensitive>
nat-gateway-id = "ocid1.natgateway.oc1.ap-hyderabad-1.aaaaaaaaimzm3sh6w35cphjkhbax7hr2ubmwhhkeajwizfhwxtynnttkbscq"
postgreSQL = tolist([
  {
    "availability_domain" = "VPLM:AP-HYDERABAD-1-AD-1"
    "description" = ""
    "display_name" = "dbinstance-b43c92e8aebf"
    "id" = "9362637e-b963-4021-a17d-b43c92e8aebf"
    "lifecycle_details" = "DB instance is active"
    "state" = "ACTIVE"
    "time_created" = "2025-08-23 08:28:48.147 +0000 UTC"
    "time_updated" = "2025-08-23 08:32:38.182 +0000 UTC"
  },
])
postgreSQL_Network = tolist([
  {
    "is_reader_endpoint_enabled" = false
    "nsg_ids" = toset([])
    "primary_db_endpoint_private_ip" = "192.168.4.168"
    "subnet_id" = "ocid1.subnet.oc1.ap-hyderabad-1.aaaaaaaad75swsnvzx5asuk4ctzlycwxbqhgpacrjp4raw33f3vvnhewiiyq"
  },
])
postgreSQL_description = {
  "ca_certificate" = <<-EOT
  -----BEGIN CERTIFICATE-----
  MIIJrjCCB5agAwIBAgIVAPZD/OZbvMknY2xCI7mHplr0wT66MA0GCSqGSIb3DQEB
  DQUAMEMxQTA/BgNVBAMMOE9DSURhdGFiYXNlU2VydmljZVdpdGhQb3N0Z3JlU1FM
  LnJvb3RDQS5kZXYtdXMtYXNoYnVybi0xMB4XDTIzMTAxNjA3MTY0N1oXDTM3MTIz
  MTIzNTk1OVowQzFBMD8GA1UEAww4T0NJRGF0YWJhc2VTZXJ2aWNlV2l0aFBvc3Rn
  cmVTUUwucm9vdENBLmRldi11cy1hc2hidXJuLTEwggIiMA0GCSqGSIb3DQEBAQUA
  A4ICDwAwggIKAoICAQC1jAxLAgwaW65tNrs5tYM3BlvTnKa/rymDzQ7fAglJLA6x
  AginMCSyLVu4akh1J1GOCV8wqncD2QbtEYAS6mvBlGe8fCW6kxNA0VaDgPSV5CWa
  ZV7ikCnY9+0IgB78uMaXQqA4zZfkja3ztRHQCwhtvRYmrS+plQ1KuEIU/HpsSI2E
  1pXsZKrKdshTImYSwQzDgNYLVIJG9MXB+wWT/GBfARW0g6nMNDZWukJCQIp+OITM
  fufP4PeZNeh+K85f8zUVxd6dtlOA2IWvzG71CtzGYYg1gnTcJB3xBr+Fb/BGvYWU
  8iMTP28s/9gOvpmlVFRo79Urfp5WXe6bwptWv5EzVpQzWQ2ZQ069Y4X4Vx1IHKi7
  Jh0417u8od6re4rXtO4OHipQi14PTrDhIQTya1+lRShT0VMxWcwRvgckKYDdSScG
  LZMVzHNDaHn1oSbBtQGkyVtu3/olgnlE4/bqddLYKl4S21gJ2S5SSkTAEStrGWe9
  sRmKqx4FyF0g/URCd54FtsoX/jefjyGH4RmCjst+xur17FcMOEZle/ZL7f/shNiO
  d8GMyhR+hGRuUjiRgfffsQUBBO3bXkaqhBqwzjYdtcmT71lSuJhAh5dmrIsDeFJM
  EVooxR0Q0no0r6iWzrsfbAfBsetzerVDdKs69CkUhNtSdNXUynh5q9K/f1Zv8wID
  AQABo4IElzCCBJMwDgYDVR0PAQH/BAQDAgIEMA8GA1UdEwEB/wQFMAMBAf8wggIz
  BgNVHQ4EggIqBIICJjCCAiIwDQYJKoZIhvcNAQEBBQADggIPADCCAgoCggIBALWM
  DEsCDBpbrm02uzm1gzcGW9Ocpr+vKYPNDt8CCUksDrECCKcwJLItW7hqSHUnUY4J
  XzCqdwPZBu0RgBLqa8GUZ7x8JbqTE0DRVoOA9JXkJZplXuKQKdj37QiAHvy4xpdC
  oDjNl+SNrfO1EdALCG29FiatL6mVDUq4QhT8emxIjYTWlexkqsp2yFMiZhLBDMOA
  1gtUgkb0xcH7BZP8YF8BFbSDqcw0Nla6QkJAin44hMx+58/g95k16H4rzl/zNRXF
  3p22U4DYha/MbvUK3MZhiDWCdNwkHfEGv4Vv8Ea9hZTyIxM/byz/2A6+maVUVGjv
  1St+nlZd7pvCm1a/kTNWlDNZDZlDTr1jhfhXHUgcqLsmHTjXu7yh3qt7ite07g4e
  KlCLXg9OsOEhBPJrX6VFKFPRUzFZzBG+ByQpgN1JJwYtkxXMc0NoefWhJsG1AaTJ
  W27f+iWCeUTj9up10tgqXhLbWAnZLlJKRMARK2sZZ72xGYqrHgXIXSD9REJ3ngW2
  yhf+N5+PIYfhGYKOy37G6vXsVww4RmV79kvt/+yE2I53wYzKFH6EZG5SOJGB99+x
  BQEE7dteRqqEGrDONh21yZPvWVK4mECHl2asiwN4UkwRWijFHRDSejSvqJbOux9s
  B8Gx63N6tUN0qzr0KRSE21J01dTKeHmr0r9/Vm/zAgMBAAEwggI3BgNVHSMEggIu
  MIICKoCCAiYwggIiMA0GCSqGSIb3DQEBAQUAA4ICDwAwggIKAoICAQC1jAxLAgwa
  W65tNrs5tYM3BlvTnKa/rymDzQ7fAglJLA6xAginMCSyLVu4akh1J1GOCV8wqncD
  2QbtEYAS6mvBlGe8fCW6kxNA0VaDgPSV5CWaZV7ikCnY9+0IgB78uMaXQqA4zZfk
  ja3ztRHQCwhtvRYmrS+plQ1KuEIU/HpsSI2E1pXsZKrKdshTImYSwQzDgNYLVIJG
  9MXB+wWT/GBfARW0g6nMNDZWukJCQIp+OITMfufP4PeZNeh+K85f8zUVxd6dtlOA
  2IWvzG71CtzGYYg1gnTcJB3xBr+Fb/BGvYWU8iMTP28s/9gOvpmlVFRo79Urfp5W
  Xe6bwptWv5EzVpQzWQ2ZQ069Y4X4Vx1IHKi7Jh0417u8od6re4rXtO4OHipQi14P
  TrDhIQTya1+lRShT0VMxWcwRvgckKYDdSScGLZMVzHNDaHn1oSbBtQGkyVtu3/ol
  gnlE4/bqddLYKl4S21gJ2S5SSkTAEStrGWe9sRmKqx4FyF0g/URCd54FtsoX/jef
  jyGH4RmCjst+xur17FcMOEZle/ZL7f/shNiOd8GMyhR+hGRuUjiRgfffsQUBBO3b
  XkaqhBqwzjYdtcmT71lSuJhAh5dmrIsDeFJMEVooxR0Q0no0r6iWzrsfbAfBsetz
  erVDdKs69CkUhNtSdNXUynh5q9K/f1Zv8wIDAQABMA0GCSqGSIb3DQEBDQUAA4IC
  AQAbxNuF7NYzFs5OizTONnBm6xMJZcjHw8D42mw7V9+5MEgj2W9avcCREvMW3Nps
  PhE80L5+IMj8DQ8JXh/VZ1+RN9zxncsBqDz8NI9RWG23jLVauba0rAogNr9+KCAK
  lCp8JlQyof6DriDn0nMtchnkWko4vUeRJ76jRyOFJxpEmOLk6QXx8ieCl/whNd0F
  ION0WkZ9VwTkHHXmPB7VFAVf+YClKR79Ki4tnhx4sHHlMhJ/dLi/1a3yz+x08pqt
  qZUsWdzMyP6B8mFWoA4nQKfTitLOqjrVKAMbNV2NSW5l5Vm83bVOk9LAaeE5h7VV
  yGzCwleIkpLLesTCnalf5FgsJUYpAUaZQEpcjArncGkuH/w71LulRtqQChvXEso+
  0y+HrTsDi7GOCFoGCA5XAKYjIIZFPphzIm7VyMznEGSR/i2zdJ7h9+xthQb7XXMo
  eXfHkUyJYHtCO2BCFke1fR2XJ7RN8HQea3ucm7OWF0RrCDXmJV+2RRbkDuqOR7dQ
  ONcbMniYUkanErhsuGVjIc49Y7Xc6KtItocZbNlcd6Rk6Te39fojtcIdE6E5rhJK
  JQpvejG+kKYcdtOhQ7mXWXBjkK8wSzHjcXxMWKuCJws88bspGPzapnjyLizMw0Qf
  WJtcKxUPmczBQVufKeDmir8wwzAivtKNxMe3RShS7sd5XQ==
  -----END CERTIFICATE-----
  
  EOT
  "db_system_id" = "ocid1.postgresqldbsystem.oc1.ap-hyderabad-1.amaaaaaa43cggciaup3uhihap2ms26he2xh2vyljvkckbmx6dmhkpm3yyeea"
  "id" = "PsqlDbSystemConnectionDetailDataSource-1824470837"
  "instance_endpoints" = tolist([
    {
      "db_instance_id" = "9362637e-b963-4021-a17d-b43c92e8aebf"
      "endpoint" = tolist([
        {
          "fqdn" = "b43c92e8aebf-instance.he2xh2vyljvkckbmx6dmhkpm3yyeea.postgresql.ap-hyderabad-1.oci.oraclecloud.com"
          "ip_address" = "192.168.4.243"
          "port" = 5432
        },
      ])
    },
  ])
  "primary_db_endpoint" = tolist([
    {
      "fqdn" = "primary.he2xh2vyljvkckbmx6dmhkpm3yyeea.postgresql.ap-hyderabad-1.oci.oraclecloud.com"
      "ip_address" = "192.168.4.168"
      "port" = 5432
    },
  ])
  "reader_endpoint" = tolist([])
}
private-security-list-OCID = "ocid1.securitylist.oc1.ap-hyderabad-1.aaaaaaaavvpgharoakiik6g52bcdj5kqipcvzam4xzzst5xy3a76xdsbv3zq"
private-security-list-name = "security-list-for-private-subnet"
private-subnet-OCID = "ocid1.subnet.oc1.ap-hyderabad-1.aaaaaaaafcpslpnm6zgeozxlw7yqeqmowwbr5yxckhkiconcschuuccbrliq"
private-subnet-name = "private-subnet"
public-security-list-OCID = "ocid1.securitylist.oc1.ap-hyderabad-1.aaaaaaaawjw3u5lvffpt3dxoigahybmnhpgize75nlpqjtr4vzu44vesr22q"
public-security-list-name = "security-list-for-public-subnet"
public-subnet-OCID = "ocid1.subnet.oc1.ap-hyderabad-1.aaaaaaaarn463ruyjzskymcyyas6bzbxab3bkuotxqksviv5bv66kzd5rlha"
public-subnet-name = "public-subnet"
vcn_id = "ocid1.vcn.oc1.ap-hyderabad-1.amaaaaaa43cggciarlzdjp5yomi4yakl5oy2zilsfwoldhy5r2rdqf5sm4ca"
zookeeper = [
  "ocid1.volume.oc1.ap-hyderabad-1.abuhsljroshfub7jbmj73fl2k6yuyaedgey2phvk55hmyd2iiyskbs77ysmq",
  "ocid1.volume.oc1.ap-hyderabad-1.abuhsljrdrix7ibssjxghtmbmkc5tdnrdmamst2xrfpovl4tshxxcyrjwtaa",
  "ocid1.volume.oc1.ap-hyderabad-1.abuhsljrbjbp5gqed7ulrmywug4bznakcx5fzenh4vjd4k7rno3n2hxv5kta",
]
